# generated by rye
# use `rye lock` or `rye sync` to update this lockfile
#
# last locked with the following flags:
#   pre: false
#   features: []
#   all-features: false
#   with-sources: false
#   generate-hashes: false
#   universal: false

-e file:.
bcrypt==4.3.0
    # via seedr
blinker==1.9.0
    # via flask
click==8.2.0
    # via flask
flask==3.1.1
    # via flask-sqlalchemy
flask-sqlalchemy==3.1.1
    # via seedr
greenlet==3.2.2
    # via sqlalchemy
itsdangerous==2.2.0
    # via flask
jinja2==3.1.6
    # via flask
markupsafe==3.0.2
    # via flask
    # via jinja2
    # via werkzeug
sqlalchemy==2.0.41
    # via flask-sqlalchemy
    # via seedr
typing-extensions==4.13.2
    # via sqlalchemy
werkzeug==3.1.3
    # via flask
